<?xml version="1.0" encoding="utf-8"?>
<Project ToolsVersion="4.0" xmlns="http://schemas.microsoft.com/developer/msbuild/2003">
  <ItemGroup>
    <Filter Include="Practice">
      <UniqueIdentifier>{fa13f3d5-7199-4a36-a323-b72e0c5a39a5}</UniqueIdentifier>
    </Filter>
    <Filter Include="Entities">
      <UniqueIdentifier>{ba9e496a-18fc-4c65-aa81-62263fd3a0d4}</UniqueIdentifier>
    </Filter>
    <Filter Include="Infrastructure">
      <UniqueIdentifier>{52bec545-b271-49d1-b0e1-6c49792c0a5c}</UniqueIdentifier>
    </Filter>
  </ItemGroup>
  <ItemGroup>
    <ClCompile Include="pracrice.cpp">
      <Filter>Practice</Filter>
    </ClCompile>
    <ClCompile Include="Animation.cpp">
      <Filter>Practice</Filter>
    </ClCompile>
    <ClCompile Include="HeroEntity.cpp">
      <Filter>Entities</Filter>
    </ClCompile>
    <ClCompile Include="LiveEntity.cpp">
      <Filter>Entities</Filter>
    </ClCompile>
    <ClCompile Include="ScoreEntity.cpp">
      <Filter>Entities</Filter>
    </ClCompile>
    <ClCompile Include="SlimeEntity.cpp">
      <Filter>Entities</Filter>
    </ClCompile>
    <ClCompile Include="Entities.cpp">
      <Filter>Infrastructure</Filter>
    </ClCompile>
    <ClCompile Include="Graphics.cpp">
      <Filter>Infrastructure</Filter>
    </ClCompile>
    <ClCompile Include="Observer.cpp">
      <Filter>Infrastructure</Filter>
    </ClCompile>
    <ClCompile Include="Physics.cpp">
      <Filter>Infrastructure</Filter>
    </ClCompile>
    <ClCompile Include="Timer.cpp">
      <Filter>Practice</Filter>
    </ClCompile>
    <ClCompile Include="..\..\Day5\EntitiesPool.cpp">
      <Filter>Infrastructure</Filter>
    </ClCompile>
    <ClCompile Include="AppleEntity.cpp">
      <Filter>Entities</Filter>
    </ClCompile>
  </ItemGroup>
  <ItemGroup>
    <ClInclude Include="Animation.h">
      <Filter>Practice</Filter>
    </ClInclude>
    <ClInclude Include="Timer.h" />
    <ClInclude Include="HeroEntity.h">
      <Filter>Entities</Filter>
    </ClInclude>
    <ClInclude Include="LiveEntity.h">
      <Filter>Entities</Filter>
    </ClInclude>
    <ClInclude Include="ScoreEntity.h">
      <Filter>Entities</Filter>
    </ClInclude>
    <ClInclude Include="SlimeEntity.h">
      <Filter>Entities</Filter>
    </ClInclude>
    <ClInclude Include="Config.h">
      <Filter>Practice</Filter>
    </ClInclude>
    <ClInclude Include="Entities.h">
      <Filter>Infrastructure</Filter>
    </ClInclude>
    <ClInclude Include="Graphics.h">
      <Filter>Infrastructure</Filter>
    </ClInclude>
    <ClInclude Include="Observer.h">
      <Filter>Infrastructure</Filter>
    </ClInclude>
    <ClInclude Include="Physics.h">
      <Filter>Infrastructure</Filter>
    </ClInclude>
    <ClInclude Include="..\..\Day5\EntitiesPool.h">
      <Filter>Infrastructure</Filter>
    </ClInclude>
    <ClInclude Include="AppleEntity.h">
      <Filter>Entities</Filter>
    </ClInclude>
  </ItemGroup>
</Project>